// !$*UTF8*$!
{
	archiveVersion = 1;
	classes = {
	};
	objectVersion = 50;
	objects = {

/* Begin PBXBuildFile section */
		902058ED207B235B00299564 /* 8.2.cpp in Sources */ = {isa = PBXBuildFile; fileRef = 902058EC207B235B00299564 /* 8.2.cpp */; };
		902058EF207B2AF600299564 /* 8.3cpp in Sources */ = {isa = PBXBuildFile; fileRef = 902058EE207B2AF600299564 /* 8.3cpp */; };
		902058F1207B5AB300299564 /* 8.4.cpp in Sources */ = {isa = PBXBuildFile; fileRef = 902058F0207B5AB300299564 /* 8.4.cpp */; };
		902058F3207B5FF700299564 /* 8.5.cpp in Sources */ = {isa = PBXBuildFile; fileRef = 902058F2207B5FF700299564 /* 8.5.cpp */; };
		902058F5207B61C200299564 /* 8.6.cpp in Sources */ = {isa = PBXBuildFile; fileRef = 902058F4207B61C200299564 /* 8.6.cpp */; };
		902058F7207B66FE00299564 /* 8.7.cpp in Sources */ = {isa = PBXBuildFile; fileRef = 902058F6207B66FE00299564 /* 8.7.cpp */; };
		90BAAB8E2077BCDA0083533A /* 8.1.cpp in Sources */ = {isa = PBXBuildFile; fileRef = 90BAAB8D2077BCDA0083533A /* 8.1.cpp */; };
/* End PBXBuildFile section */

/* Begin PBXCopyFilesBuildPhase section */
		90BAAB882077BCDA0083533A /* CopyFiles */ = {
			isa = PBXCopyFilesBuildPhase;
			buildActionMask = 2147483647;
			dstPath = /usr/share/man/man1/;
			dstSubfolderSpec = 0;
			files = (
			);
			runOnlyForDeploymentPostprocessing = 1;
		};
/* End PBXCopyFilesBuildPhase section */

/* Begin PBXFileReference section */
		902058EC207B235B00299564 /* 8.2.cpp */ = {isa = PBXFileReference; lastKnownFileType = sourcecode.cpp.cpp; path = 8.2.cpp; sourceTree = "<group>"; };
		902058EE207B2AF600299564 /* 8.3cpp */ = {isa = PBXFileReference; lastKnownFileType = text; path = 8.3cpp; sourceTree = "<group>"; };
		902058F0207B5AB300299564 /* 8.4.cpp */ = {isa = PBXFileReference; lastKnownFileType = sourcecode.cpp.cpp; path = 8.4.cpp; sourceTree = "<group>"; };
		902058F2207B5FF700299564 /* 8.5.cpp */ = {isa = PBXFileReference; lastKnownFileType = sourcecode.cpp.cpp; path = 8.5.cpp; sourceTree = "<group>"; };
		902058F4207B61C200299564 /* 8.6.cpp */ = {isa = PBXFileReference; lastKnownFileType = sourcecode.cpp.cpp; path = 8.6.cpp; sourceTree = "<group>"; };
		902058F6207B66FE00299564 /* 8.7.cpp */ = {isa = PBXFileReference; lastKnownFileType = sourcecode.cpp.cpp; path = 8.7.cpp; sourceTree = "<group>"; };
		90BAAB8A2077BCDA0083533A /* ss8_exercise */ = {isa = PBXFileReference; explicitFileType = "compiled.mach-o.executable"; includeInIndex = 0; path = ss8_exercise; sourceTree = BUILT_PRODUCTS_DIR; };
		90BAAB8D2077BCDA0083533A /* 8.1.cpp */ = {isa = PBXFileReference; lastKnownFileType = sourcecode.cpp.cpp; path = 8.1.cpp; sourceTree = "<group>"; };
/* End PBXFileReference section */

/* Begin PBXFrameworksBuildPhase section */
		90BAAB872077BCDA0083533A /* Frameworks */ = {
			isa = PBXFrameworksBuildPhase;
			buildActionMask = 2147483647;
			files = (
			);
			runOnlyForDeploymentPostprocessing = 0;
		};
/* End PBXFrameworksBuildPhase section */

/* Begin PBXGroup section */
		90BAAB812077BCDA0083533A = {
			isa = PBXGroup;
			children = (
				90BAAB8C2077BCDA0083533A /* ss8_exercise */,
				90BAAB8B2077BCDA0083533A /* Products */,
			);
			sourceTree = "<group>";
		};
		90BAAB8B2077BCDA0083533A /* Products */ = {
			isa = PBXGroup;
			children = (
				90BAAB8A2077BCDA0083533A /* ss8_exercise */,
			);
			name = Products;
			sourceTree = "<group>";
		};
		90BAAB8C2077BCDA0083533A /* ss8_exercise */ = {
			isa = PBXGroup;
			children = (
				90BAAB8D2077BCDA0083533A /* 8.1.cpp */,
				902058EC207B235B00299564 /* 8.2.cpp */,
				902058EE207B2AF600299564 /* 8.3cpp */,
				902058F0207B5AB300299564 /* 8.4.cpp */,
				902058F2207B5FF700299564 /* 8.5.cpp */,
				902058F4207B61C200299564 /* 8.6.cpp */,
				902058F6207B66FE00299564 /* 8.7.cpp */,
			);
			path = ss8_exercise;
			sourceTree = "<group>";
		};
/* End PBXGroup section */

/* Begin PBXNativeTarget section */
		90BAAB892077BCDA0083533A /* ss8_exercise */ = {
			isa = PBXNativeTarget;
			buildConfigurationList = 90BAAB912077BCDA0083533A /* Build configuration list for PBXNativeTarget "ss8_exercise" */;
			buildPhases = (
				90BAAB862077BCDA0083533A /* Sources */,
				90BAAB872077BCDA0083533A /* Frameworks */,
				90BAAB882077BCDA0083533A /* CopyFiles */,
			);
			buildRules = (
			);
			dependencies = (
			);
			name = ss8_exercise;
			productName = ss8_exercise;
			productReference = 90BAAB8A2077BCDA0083533A /* ss8_exercise */;
			productType = "com.apple.product-type.tool";
		};
/* End PBXNativeTarget section */

/* Begin PBXProject section */
		90BAAB822077BCDA0083533A /* Project object */ = {
			isa = PBXProject;
			attributes = {
				LastUpgradeCheck = 0930;
				ORGANIZATIONNAME = "王星洲";
				TargetAttributes = {
					90BAAB892077BCDA0083533A = {
						CreatedOnToolsVersion = 9.3;
					};
				};
			};
			buildConfigurationList = 90BAAB852077BCDA0083533A /* Build configuration list for PBXProject "ss8_exercise" */;
			compatibilityVersion = "Xcode 9.3";
			developmentRegion = en;
			hasScannedForEncodings = 0;
			knownRegions = (
				en,
			);
			mainGroup = 90BAAB812077BCDA0083533A;
			productRefGroup = 90BAAB8B2077BCDA0083533A /* Products */;
			projectDirPath = "";
			projectRoot = "";
			targets = (
				90BAAB892077BCDA0083533A /* ss8_exercise */,
			);
		};
/* End PBXProject section */

/* Begin PBXSourcesBuildPhase section */
		90BAAB862077BCDA0083533A /* Sources */ = {
			isa = PBXSourcesBuildPhase;
			buildActionMask = 2147483647;
			files = (
				902058F5207B61C200299564 /* 8.6.cpp in Sources */,
				902058EF207B2AF600299564 /* 8.3cpp in Sources */,
				902058F7207B66FE00299564 /* 8.7.cpp in Sources */,
				902058F3207B5FF700299564 /* 8.5.cpp in Sources */,
				902058ED207B235B00299564 /* 8.2.cpp in Sources */,
				902058F1207B5AB300299564 /* 8.4.cpp in Sources */,
				90BAAB8E2077BCDA0083533A /* 8.1.cpp in Sources */,
			);
			runOnlyForDeploymentPostprocessing = 0;
		};
/* End PBXSourcesBuildPhase section */

/* Begin XCBuildConfiguration section */
		90BAAB8F2077BCDA0083533A /* Debug */ = {
			isa = XCBuildConfiguration;
			buildSettings = {
				ALWAYS_SEARCH_USER_PATHS = NO;
				CLANG_ANALYZER_NONNULL = YES;
				CLANG_ANALYZER_NUMBER_OBJECT_CONVERSION = YES_AGGRESSIVE;
				CLANG_CXX_LANGUAGE_STANDARD = "gnu++14";
				CLANG_CXX_LIBRARY = "libc++";
				CLANG_ENABLE_MODULES = YES;
				CLANG_ENABLE_OBJC_ARC = YES;
				CLANG_ENABLE_OBJC_WEAK = YES;
				CLANG_WARN_BLOCK_CAPTURE_AUTORELEASING = YES;
				CLANG_WARN_BOOL_CONVERSION = YES;
				CLANG_WARN_COMMA = YES;
				CLANG_WARN_CONSTANT_CONVERSION = YES;
				CLANG_WARN_DEPRECATED_OBJC_IMPLEMENTATIONS = YES;
				CLANG_WARN_DIRECT_OBJC_ISA_USAGE = YES_ERROR;
				CLANG_WARN_DOCUMENTATION_COMMENTS = YES;
				CLANG_WARN_EMPTY_BODY = YES;
				CLANG_WARN_ENUM_CONVERSION = YES;
				CLANG_WARN_INFINITE_RECURSION = YES;
				CLANG_WARN_INT_CONVERSION = YES;
				CLANG_WARN_NON_LITERAL_NULL_CONVERSION = YES;
				CLANG_WARN_OBJC_IMPLICIT_RETAIN_SELF = YES;
				CLANG_WARN_OBJC_LITERAL_CONVERSION = YES;
				CLANG_WARN_OBJC_ROOT_CLASS = YES_ERROR;
				CLANG_WARN_RANGE_LOOP_ANALYSIS = YES;
				CLANG_WARN_STRICT_PROTOTYPES = YES;
				CLANG_WARN_SUSPICIOUS_MOVE = YES;
				CLANG_WARN_UNGUARDED_AVAILABILITY = YES_AGGRESSIVE;
				CLANG_WARN_UNREACHABLE_CODE = YES;
				CLANG_WARN__DUPLICATE_METHOD_MATCH = YES;
				CODE_SIGN_IDENTITY = "-";
				COPY_PHASE_STRIP = NO;
				DEBUG_INFORMATION_FORMAT = dwarf;
				ENABLE_STRICT_OBJC_MSGSEND = YES;
				ENABLE_TESTABILITY = YES;
				GCC_C_LANGUAGE_STANDARD = gnu11;
				GCC_DYNAMIC_NO_PIC = NO;
				GCC_NO_COMMON_BLOCKS = YES;
				GCC_OPTIMIZATION_LEVEL = 0;
				GCC_PREPROCESSOR_DEFINITIONS = (
					"DEBUG=1",
					"$(inherited)",
				);
				GCC_WARN_64_TO_32_BIT_CONVERSION = YES;
				GCC_WARN_ABOUT_RETURN_TYPE = YES_ERROR;
				GCC_WARN_UNDECLARED_SELECTOR = YES;
				GCC_WARN_UNINITIALIZED_AUTOS = YES_AGGRESSIVE;
				GCC_WARN_UNUSED_FUNCTION = YES;
				GCC_WARN_UNUSED_VARIABLE = YES;
				MACOSX_DEPLOYMENT_TARGET = 10.13;
				MTL_ENABLE_DEBUG_INFO = YES;
				ONLY_ACTIVE_ARCH = YES;
				SDKROOT = macosx;
			};
			name = Debug;
		};
		90BAAB902077BCDA0083533A /* Release */ = {
			isa = XCBuildConfiguration;
			buildSettings = {
				ALWAYS_SEARCH_USER_PATHS = NO;
				CLANG_ANALYZER_NONNULL = YES;
				CLANG_ANALYZER_NUMBER_OBJECT_CONVERSION = YES_AGGRESSIVE;
				CLANG_CXX_LANGUAGE_STANDARD = "gnu++14";
				CLANG_CXX_LIBRARY = "libc++";
				CLANG_ENABLE_MODULES = YES;
				CLANG_ENABLE_OBJC_ARC = YES;
				CLANG_ENABLE_OBJC_WEAK = YES;
				CLANG_WARN_BLOCK_CAPTURE_AUTORELEASING = YES;
				CLANG_WARN_BOOL_CONVERSION = YES;
				CLANG_WARN_COMMA = YES;
				CLANG_WARN_CONSTANT_CONVERSION = YES;
				CLANG_WARN_DEPRECATED_OBJC_IMPLEMENTATIONS = YES;
				CLANG_WARN_DIRECT_OBJC_ISA_USAGE = YES_ERROR;
				CLANG_WARN_DOCUMENTATION_COMMENTS = YES;
				CLANG_WARN_EMPTY_BODY = YES;
				CLANG_WARN_ENUM_CONVERSION = YES;
				CLANG_WARN_INFINITE_RECURSION = YES;
				CLANG_WARN_INT_CONVERSION = YES;
				CLANG_WARN_NON_LITERAL_NULL_CONVERSION = YES;
				CLANG_WARN_OBJC_IMPLICIT_RETAIN_SELF = YES;
				CLANG_WARN_OBJC_LITERAL_CONVERSION = YES;
				CLANG_WARN_OBJC_ROOT_CLASS = YES_ERROR;
				CLANG_WARN_RANGE_LOOP_ANALYSIS = YES;
				CLANG_WARN_STRICT_PROTOTYPES = YES;
				CLANG_WARN_SUSPICIOUS_MOVE = YES;
				CLANG_WARN_UNGUARDED_AVAILABILITY = YES_AGGRESSIVE;
				CLANG_WARN_UNREACHABLE_CODE = YES;
				CLANG_WARN__DUPLICATE_METHOD_MATCH = YES;
				CODE_SIGN_IDENTITY = "-";
				COPY_PHASE_STRIP = NO;
				DEBUG_INFORMATION_FORMAT = "dwarf-with-dsym";
				ENABLE_NS_ASSERTIONS = NO;
				ENABLE_STRICT_OBJC_MSGSEND = YES;
				GCC_C_LANGUAGE_STANDARD = gnu11;
				GCC_NO_COMMON_BLOCKS = YES;
				GCC_WARN_64_TO_32_BIT_CONVERSION = YES;
				GCC_WARN_ABOUT_RETURN_TYPE = YES_ERROR;
				GCC_WARN_UNDECLARED_SELECTOR = YES;
				GCC_WARN_UNINITIALIZED_AUTOS = YES_AGGRESSIVE;
				GCC_WARN_UNUSED_FUNCTION = YES;
				GCC_WARN_UNUSED_VARIABLE = YES;
				MACOSX_DEPLOYMENT_TARGET = 10.13;
				MTL_ENABLE_DEBUG_INFO = NO;
				SDKROOT = macosx;
			};
			name = Release;
		};
		90BAAB922077BCDA0083533A /* Debug */ = {
			isa = XCBuildConfiguration;
			buildSettings = {
				CODE_SIGN_STYLE = Automatic;
				PRODUCT_NAME = "$(TARGET_NAME)";
			};
			name = Debug;
		};
		90BAAB932077BCDA0083533A /* Release */ = {
			isa = XCBuildConfiguration;
			buildSettings = {
				CODE_SIGN_STYLE = Automatic;
				PRODUCT_NAME = "$(TARGET_NAME)";
			};
			name = Release;
		};
/* End XCBuildConfiguration section */

/* Begin XCConfigurationList section */
		90BAAB852077BCDA0083533A /* Build configuration list for PBXProject "ss8_exercise" */ = {
			isa = XCConfigurationList;
			buildConfigurations = (
				90BAAB8F2077BCDA0083533A /* Debug */,
				90BAAB902077BCDA0083533A /* Release */,
			);
			defaultConfigurationIsVisible = 0;
			defaultConfigurationName = Release;
		};
		90BAAB912077BCDA0083533A /* Build configuration list for PBXNativeTarget "ss8_exercise" */ = {
			isa = XCConfigurationList;
			buildConfigurations = (
				90BAAB922077BCDA0083533A /* Debug */,
				90BAAB932077BCDA0083533A /* Release */,
			);
			defaultConfigurationIsVisible = 0;
			defaultConfigurationName = Release;
		};
/* End XCConfigurationList section */
	};
	rootObject = 90BAAB822077BCDA0083533A /* Project object */;
}
